<?xml version="1.0" encoding="UTF-8" standalone="yes" ?>
<CodeBlocks_project_file>
	<FileVersion major="1" minor="6" />
	<Project>
		<Option title="TheOrder" />
		<Option pch_mode="2" />
		<Option compiler="gcc" />
		<Build>
			<Target title="Debug">
				<Option output="bin/Debug/TheOrder" prefix_auto="1" extension_auto="1" />
				<Option object_output="obj/Debug/" />
				<Option type="1" />
				<Option compiler="gcc" />
				<Compiler>
					<Add option="-g" />
					<Add directory="include" />
				</Compiler>
			</Target>
			<Target title="Release">
				<Option output="bin/Release/TheOrder" prefix_auto="1" extension_auto="1" />
				<Option object_output="obj/Release/" />
				<Option type="1" />
				<Option compiler="gcc" />
				<Compiler>
					<Add option="-O2" />
					<Add directory="include" />
				</Compiler>
				<Linker>
					<Add option="-s" />
				</Linker>
			</Target>
		</Build>
		<Compiler>
			<Add option="-Wall" />
			<Add option="-fexceptions" />
		</Compiler>
		<Unit filename="include/bakari.h" />
		<Unit filename="include/controller1.h" />
		<Unit filename="include/controller2.h" />
		<Unit filename="include/controller3.h" />
		<Unit filename="include/dataskra.h" />
		<Unit filename="include/gagnagrunnur.h" />
		<Unit filename="include/gagnasafn.h" />
		<Unit filename="include/mainui.h" />
		<Unit filename="include/matsedill.h" />
		<Unit filename="include/umsjon.h" />
		<Unit filename="include/umsjonarmadur.h" />
		<Unit filename="include/vidskiptavinur.h" />
		<Unit filename="main.cpp" />
		<Unit filename="src/bakari.cpp" />
		<Unit filename="src/controller1.cpp" />
		<Unit filename="src/controller2.cpp" />
		<Unit filename="src/controller3.cpp" />
		<Unit filename="src/dataskra.cpp" />
		<Unit filename="src/gagnagrunnur.cpp" />
		<Unit filename="src/gagnasafn.cpp" />
		<Unit filename="src/mainui.cpp" />
		<Unit filename="src/matsedill.cpp" />
		<Unit filename="src/umsjon.cpp" />
		<Unit filename="src/umsjonarmadur.cpp" />
		<Unit filename="src/vidskiptavinur.cpp" />
		<Extensions>
			<code_completion />
			<envvars />
			<debugger />
			<lib_finder disable_auto="1" />
		</Extensions>
	</Project>
</CodeBlocks_project_file>
