<?xml version="1.0" encoding="UTF-8" standalone="yes" ?>
<CodeBlocks_project_file>
	<FileVersion major="1" minor="6" />
	<Project>
		<Option title="Verkefni2" />
		<Option pch_mode="2" />
		<Option compiler="gcc" />
		<Build>
			<Target title="Debug">
				<Option output="bin/Debug/Verkefni2" prefix_auto="1" extension_auto="1" />
				<Option object_output="obj/Debug/" />
				<Option type="1" />
				<Option compiler="gcc" />
				<Compiler>
					<Add option="-g" />
					<Add directory="include/UI" />
					<Add directory="include/models" />
					<Add directory="include/services" />
					<Add directory="include/repo" />
				</Compiler>
			</Target>
			<Target title="Release">
				<Option output="bin/Release/Verkefni2" prefix_auto="1" extension_auto="1" />
				<Option object_output="obj/Release/" />
				<Option type="1" />
				<Option compiler="gcc" />
				<Compiler>
					<Add option="-O2" />
					<Add directory="include/UI" />
					<Add directory="include/models" />
					<Add directory="include/services" />
					<Add directory="include/repo" />
				</Compiler>
				<Linker>
					<Add option="-s" />
				</Linker>
			</Target>
		</Build>
		<Compiler>
			<Add option="-Wall" />
			<Add option="-fexceptions" />
		</Compiler>
		<Unit filename="include/UI/staffui.h" />
		<Unit filename="include/models/employee.h" />
		<Unit filename="include/repo/salaryrepo.h" />
		<Unit filename="include/services/addsalary.h" />
		<Unit filename="main.cpp" />
		<Unit filename="src/UI/staffui.cpp" />
		<Unit filename="src/models/employee.cpp" />
		<Unit filename="src/repo/salaryrepo.cpp" />
		<Unit filename="src/services/addsalary.cpp" />
		<Extensions>
			<code_completion />
			<envvars />
			<debugger />
			<lib_finder disable_auto="1" />
		</Extensions>
	</Project>
</CodeBlocks_project_file>
