<?xml version="1.0" encoding="UTF-8" standalone="yes" ?>
<CodeBlocks_project_file>
	<FileVersion major="1" minor="6" />
	<Project>
		<Option title="NyjaPizazza" />
		<Option pch_mode="2" />
		<Option compiler="gcc" />
		<Build>
			<Target title="Debug">
				<Option output="bin/Debug/NyjaPizazza" prefix_auto="1" extension_auto="1" />
				<Option object_output="obj/Debug/" />
				<Option type="1" />
				<Option compiler="gcc" />
				<Compiler>
					<Add option="-g" />
					<Add directory="include/UI" />
					<Add directory="include/Services" />
					<Add directory="include/Repo" />
					<Add directory="include/Model" />
				</Compiler>
			</Target>
			<Target title="Release">
				<Option output="bin/Release/NyjaPizazza" prefix_auto="1" extension_auto="1" />
				<Option object_output="obj/Release/" />
				<Option type="1" />
				<Option compiler="gcc" />
				<Compiler>
					<Add option="-O2" />
					<Add directory="include/UI" />
					<Add directory="include/Services" />
					<Add directory="include/Repo" />
					<Add directory="include/Model" />
				</Compiler>
				<Linker>
					<Add option="-s" />
				</Linker>
			</Target>
		</Build>
		<Compiler>
			<Add option="-Wall" />
			<Add option="-fexceptions" />
		</Compiler>
		<Unit filename="include/Model/extras.h" />
		<Unit filename="include/Model/pizza.h" />
		<Unit filename="include/Model/topping.h" />
		<Unit filename="include/Repo/repository.h" />
		<Unit filename="include/Repo/toppingrepo.h" />
		<Unit filename="include/Services/chef.h" />
		<Unit filename="include/Services/management.h" />
		<Unit filename="include/Services/orders.h" />
		<Unit filename="include/Services/service.h" />
		<Unit filename="include/UI/mainui.h" />
		<Unit filename="include/UI/managementui.h" />
		<Unit filename="include/UI/orderui.h" />
		<Unit filename="main.cpp" />
		<Unit filename="src/Model/extras.cpp" />
		<Unit filename="src/Model/pizza.cpp" />
		<Unit filename="src/Model/topping.cpp" />
		<Unit filename="src/Repo/repository.cpp" />
		<Unit filename="src/Repo/toppingrepo.cpp" />
		<Unit filename="src/Services/chef.cpp" />
		<Unit filename="src/Services/management.cpp" />
		<Unit filename="src/Services/orders.cpp" />
		<Unit filename="src/Services/service.cpp" />
		<Unit filename="src/UI/mainui.cpp" />
		<Unit filename="src/UI/managementui.cpp" />
		<Unit filename="src/UI/orderui.cpp" />
		<Extensions>
			<code_completion />
			<envvars />
			<debugger />
		</Extensions>
	</Project>
</CodeBlocks_project_file>
